
Microsoft Visual Studio Solution File, Format Version 12.00
# Visual Studio Version 16
VisualStudioVersion = 16.0.31025.194
MinimumVisualStudioVersion = 10.0.40219.1
Project("{FAE04EC0-301F-11D3-BF4B-00C04F79EFBC}") = "GraphicModuleUI", "GraphicModuleUI\GraphicModuleUI.csproj", "{07E694DD-E852-4FCE-BC70-9E4C48933999}"
EndProject
Project("{FAE04EC0-301F-11D3-BF4B-00C04F79EFBC}") = "GraphicModule", "GraphicModule\GraphicModule.csproj", "{1AB7E5D0-DDC0-4936-8519-DD12D659DAF9}"
EndProject
Global
	GlobalSection(SolutionConfigurationPlatforms) = preSolution
		Debug|Any CPU = Debug|Any CPU
		Release|Any CPU = Release|Any CPU
	EndGlobalSection
	GlobalSection(ProjectConfigurationPlatforms) = postSolution
		{07E694DD-E852-4FCE-BC70-9E4C48933999}.Debug|Any CPU.ActiveCfg = Debug|Any CPU
		{07E694DD-E852-4FCE-BC70-9E4C48933999}.Debug|Any CPU.Build.0 = Debug|Any CPU
		{07E694DD-E852-4FCE-BC70-9E4C48933999}.Release|Any CPU.ActiveCfg = Release|Any CPU
		{07E694DD-E852-4FCE-BC70-9E4C48933999}.Release|Any CPU.Build.0 = Release|Any CPU
		{1AB7E5D0-DDC0-4936-8519-DD12D659DAF9}.Debug|Any CPU.ActiveCfg = Debug|Any CPU
		{1AB7E5D0-DDC0-4936-8519-DD12D659DAF9}.Debug|Any CPU.Build.0 = Debug|Any CPU
		{1AB7E5D0-DDC0-4936-8519-DD12D659DAF9}.Release|Any CPU.ActiveCfg = Release|Any CPU
		{1AB7E5D0-DDC0-4936-8519-DD12D659DAF9}.Release|Any CPU.Build.0 = Release|Any CPU
	EndGlobalSection
	GlobalSection(SolutionProperties) = preSolution
		HideSolutionNode = FALSE
	EndGlobalSection
	GlobalSection(ExtensibilityGlobals) = postSolution
		SolutionGuid = {E0042CBD-3132-4B66-B331-489C955CB6E8}
	EndGlobalSection
EndGlobal
